
Microsoft Visual Studio Solution File, Format Version 12.00
# Visual Studio Version 17
VisualStudioVersion = 17.8.34525.116
MinimumVisualStudioVersion = 10.0.40219.1
Project("{FAE04EC0-301F-11D3-BF4B-00C04F79EFBC}") = "DVLD_BusinessLayer", "..\DVlD_BusinessLayer\DVLD_BusinessLayer.csproj", "{3C4E2469-1F78-4114-A448-7CA00F860609}"
EndProject
Project("{FAE04EC0-301F-11D3-BF4B-00C04F79EFBC}") = "DVLD_DataAccessLayer", "..\DVLD_DataAccessLayer\DVLD_DataAccessLayer.csproj", "{7104E298-0C4B-41B9-870E-E54CF1E547A4}"
EndProject
Project("{9A19103F-16F7-4668-BE54-9A1E7A4F7556}") = "DVLD_API", "..\DVLD_API\DVLD_API.csproj", "{A5EEF368-9582-4CBD-91E7-F56E4F47B920}"
EndProject
Global
	GlobalSection(SolutionConfigurationPlatforms) = preSolution
		Debug|Any CPU = Debug|Any CPU
		Release|Any CPU = Release|Any CPU
	EndGlobalSection
	GlobalSection(ProjectConfigurationPlatforms) = postSolution
		{3C4E2469-1F78-4114-A448-7CA00F860609}.Debug|Any CPU.ActiveCfg = Debug|Any CPU
		{3C4E2469-1F78-4114-A448-7CA00F860609}.Debug|Any CPU.Build.0 = Debug|Any CPU
		{3C4E2469-1F78-4114-A448-7CA00F860609}.Release|Any CPU.ActiveCfg = Release|Any CPU
		{3C4E2469-1F78-4114-A448-7CA00F860609}.Release|Any CPU.Build.0 = Release|Any CPU
		{7104E298-0C4B-41B9-870E-E54CF1E547A4}.Debug|Any CPU.ActiveCfg = Debug|Any CPU
		{7104E298-0C4B-41B9-870E-E54CF1E547A4}.Debug|Any CPU.Build.0 = Debug|Any CPU
		{7104E298-0C4B-41B9-870E-E54CF1E547A4}.Release|Any CPU.ActiveCfg = Release|Any CPU
		{7104E298-0C4B-41B9-870E-E54CF1E547A4}.Release|Any CPU.Build.0 = Release|Any CPU
		{A5EEF368-9582-4CBD-91E7-F56E4F47B920}.Debug|Any CPU.ActiveCfg = Debug|Any CPU
		{A5EEF368-9582-4CBD-91E7-F56E4F47B920}.Debug|Any CPU.Build.0 = Debug|Any CPU
		{A5EEF368-9582-4CBD-91E7-F56E4F47B920}.Release|Any CPU.ActiveCfg = Release|Any CPU
		{A5EEF368-9582-4CBD-91E7-F56E4F47B920}.Release|Any CPU.Build.0 = Release|Any CPU
	EndGlobalSection
	GlobalSection(SolutionProperties) = preSolution
		HideSolutionNode = FALSE
	EndGlobalSection
	GlobalSection(ExtensibilityGlobals) = postSolution
		SolutionGuid = {F93D77B2-E8D4-4EE6-9F8C-7DCF7C822537}
	EndGlobalSection
EndGlobal
